
Microsoft Visual Studio Solution File, Format Version 12.00
# Visual Studio 15
VisualStudioVersion = 15.0.28010.2036
MinimumVisualStudioVersion = 10.0.40219.1
Project("{FAE04EC0-301F-11D3-BF4B-00C04F79EFBC}") = "SpaceXLaunchpadInformation", "SpaceXLaunchpadInformation\SpaceXLaunchpadInformation.csproj", "{3A6C45EF-02DA-4D33-9A87-435771E0F298}"
EndProject
Global
	GlobalSection(SolutionConfigurationPlatforms) = preSolution
		Debug|Any CPU = Debug|Any CPU
		Release|Any CPU = Release|Any CPU
	EndGlobalSection
	GlobalSection(ProjectConfigurationPlatforms) = postSolution
		{3A6C45EF-02DA-4D33-9A87-435771E0F298}.Debug|Any CPU.ActiveCfg = Debug|Any CPU
		{3A6C45EF-02DA-4D33-9A87-435771E0F298}.Debug|Any CPU.Build.0 = Debug|Any CPU
		{3A6C45EF-02DA-4D33-9A87-435771E0F298}.Release|Any CPU.ActiveCfg = Release|Any CPU
		{3A6C45EF-02DA-4D33-9A87-435771E0F298}.Release|Any CPU.Build.0 = Release|Any CPU
	EndGlobalSection
	GlobalSection(SolutionProperties) = preSolution
		HideSolutionNode = FALSE
	EndGlobalSection
	GlobalSection(ExtensibilityGlobals) = postSolution
		SolutionGuid = {4D44AD48-CF25-407F-9108-7D017733B6E8}
	EndGlobalSection
EndGlobal
